Microsoft Visual Studio Solution File, Format Version 12.00
# Visual Studio Version 17
VisualStudioVersion = 17.11.35327.3
MinimumVisualStudioVersion = 10.0.40219.1
Project("{9A19103F-16F7-4668-BE54-9A1E7A4F7556}") = "ProxysqlAdminUi.Web", "ProxysqlAdminUi.Web\ProxysqlAdminUi.Web.csproj", "{08A62FBD-9370-4CCB-AF76-6DFD06471E8F}"
EndProject
Project("{2150E333-8FDC-42A3-9474-1A3956D46DE8}") = "Solution Items", "Solution Items", "{63D07254-797B-4DD8-B92E-195EE3CB1D56}"
	ProjectSection(SolutionItems) = preProject
		README.md = README.md
	EndProjectSection
EndProject
Project("{9A19103F-16F7-4668-BE54-9A1E7A4F7556}") = "ProxysqlAdminUi.WebTester", "ProxysqlAdminUi.WebTester\ProxysqlAdminUi.WebTester.csproj", "{40B1CA3B-05CC-47EA-832F-11EDDDADFDE3}"
EndProject
Global
	GlobalSection(SolutionConfigurationPlatforms) = preSolution
		Debug|Any CPU = Debug|Any CPU
		Release|Any CPU = Release|Any CPU
	EndGlobalSection
	GlobalSection(ProjectConfigurationPlatforms) = postSolution
		{08A62FBD-9370-4CCB-AF76-6DFD06471E8F}.Debug|Any CPU.ActiveCfg = Debug|Any CPU
		{08A62FBD-9370-4CCB-AF76-6DFD06471E8F}.Debug|Any CPU.Build.0 = Debug|Any CPU
		{08A62FBD-9370-4CCB-AF76-6DFD06471E8F}.Release|Any CPU.ActiveCfg = Release|Any CPU
		{08A62FBD-9370-4CCB-AF76-6DFD06471E8F}.Release|Any CPU.Build.0 = Release|Any CPU
		{40B1CA3B-05CC-47EA-832F-11EDDDADFDE3}.Debug|Any CPU.ActiveCfg = Debug|Any CPU
		{40B1CA3B-05CC-47EA-832F-11EDDDADFDE3}.Debug|Any CPU.Build.0 = Debug|Any CPU
		{40B1CA3B-05CC-47EA-832F-11EDDDADFDE3}.Release|Any CPU.ActiveCfg = Release|Any CPU
		{40B1CA3B-05CC-47EA-832F-11EDDDADFDE3}.Release|Any CPU.Build.0 = Release|Any CPU
	EndGlobalSection
	GlobalSection(SolutionProperties) = preSolution
		HideSolutionNode = FALSE
	EndGlobalSection
	GlobalSection(ExtensibilityGlobals) = postSolution
		SolutionGuid = {CEA575B4-1221-4096-AAD1-1CC40C8A8D8B}
	EndGlobalSection
EndGlobal
